// !$*UTF8*$!
{
	archiveVersion = 1;
	classes = {
	};
	objectVersion = 55;
	objects = {

/* Begin PBXBuildFile section */
		92853CDD2784E7BA00B473ED /* AppDelegate.swift in Sources */ = {isa = PBXBuildFile; fileRef = 92853CDC2784E7BA00B473ED /* AppDelegate.swift */; };
		92853CDF2784E7BA00B473ED /* SceneDelegate.swift in Sources */ = {isa = PBXBuildFile; fileRef = 92853CDE2784E7BA00B473ED /* SceneDelegate.swift */; };
		92853CE12784E7BA00B473ED /* ViewController.swift in Sources */ = {isa = PBXBuildFile; fileRef = 92853CE02784E7BA00B473ED /* ViewController.swift */; };
		92853CE42784E7BA00B473ED /* Main.storyboard in Resources */ = {isa = PBXBuildFile; fileRef = 92853CE22784E7BA00B473ED /* Main.storyboard */; };
		92853CE62784E7BC00B473ED /* Assets.xcassets in Resources */ = {isa = PBXBuildFile; fileRef = 92853CE52784E7BC00B473ED /* Assets.xcassets */; };
		92853CE92784E7BC00B473ED /* LaunchScreen.storyboard in Resources */ = {isa = PBXBuildFile; fileRef = 92853CE72784E7BC00B473ED /* LaunchScreen.storyboard */; };
		92853CF42784E7BC00B473ED /* GitAction_DemoTests.swift in Sources */ = {isa = PBXBuildFile; fileRef = 92853CF32784E7BC00B473ED /* GitAction_DemoTests.swift */; };
		92853CFE2784E7BC00B473ED /* GitAction_DemoUITests.swift in Sources */ = {isa = PBXBuildFile; fileRef = 92853CFD2784E7BC00B473ED /* GitAction_DemoUITests.swift */; };
		92853D002784E7BC00B473ED /* GitAction_DemoUITestsLaunchTests.swift in Sources */ = {isa = PBXBuildFile; fileRef = 92853CFF2784E7BC00B473ED /* GitAction_DemoUITestsLaunchTests.swift */; };
/* End PBXBuildFile section */

/* Begin PBXContainerItemProxy section */
		92853CF02784E7BC00B473ED /* PBXContainerItemProxy */ = {
			isa = PBXContainerItemProxy;
			containerPortal = 92853CD12784E7BA00B473ED /* Project object */;
			proxyType = 1;
			remoteGlobalIDString = 92853CD82784E7BA00B473ED;
			remoteInfo = "GitAction-Demo";
		};
		92853CFA2784E7BC00B473ED /* PBXContainerItemProxy */ = {
			isa = PBXContainerItemProxy;
			containerPortal = 92853CD12784E7BA00B473ED /* Project object */;
			proxyType = 1;
			remoteGlobalIDString = 92853CD82784E7BA00B473ED;
			remoteInfo = "GitAction-Demo";
		};
/* End PBXContainerItemProxy section */

/* Begin PBXFileReference section */
		92853CD92784E7BA00B473ED /* GitAction-Demo.app */ = {isa = PBXFileReference; explicitFileType = wrapper.application; includeInIndex = 0; path = "GitAction-Demo.app"; sourceTree = BUILT_PRODUCTS_DIR; };
		92853CDC2784E7BA00B473ED /* AppDelegate.swift */ = {isa = PBXFileReference; lastKnownFileType = sourcecode.swift; path = AppDelegate.swift; sourceTree = "<group>"; };
		92853CDE2784E7BA00B473ED /* SceneDelegate.swift */ = {isa = PBXFileReference; lastKnownFileType = sourcecode.swift; path = SceneDelegate.swift; sourceTree = "<group>"; };
		92853CE02784E7BA00B473ED /* ViewController.swift */ = {isa = PBXFileReference; lastKnownFileType = sourcecode.swift; path = ViewController.swift; sourceTree = "<group>"; };
		92853CE32784E7BA00B473ED /* Base */ = {isa = PBXFileReference; lastKnownFileType = file.storyboard; name = Base; path = Base.lproj/Main.storyboard; sourceTree = "<group>"; };
		92853CE52784E7BC00B473ED /* Assets.xcassets */ = {isa = PBXFileReference; lastKnownFileType = folder.assetcatalog; path = Assets.xcassets; sourceTree = "<group>"; };
		92853CE82784E7BC00B473ED /* Base */ = {isa = PBXFileReference; lastKnownFileType = file.storyboard; name = Base; path = Base.lproj/LaunchScreen.storyboard; sourceTree = "<group>"; };
		92853CEA2784E7BC00B473ED /* Info.plist */ = {isa = PBXFileReference; lastKnownFileType = text.plist.xml; path = Info.plist; sourceTree = "<group>"; };
		92853CEF2784E7BC00B473ED /* GitAction-DemoTests.xctest */ = {isa = PBXFileReference; explicitFileType = wrapper.cfbundle; includeInIndex = 0; path = "GitAction-DemoTests.xctest"; sourceTree = BUILT_PRODUCTS_DIR; };
		92853CF32784E7BC00B473ED /* GitAction_DemoTests.swift */ = {isa = PBXFileReference; lastKnownFileType = sourcecode.swift; path = GitAction_DemoTests.swift; sourceTree = "<group>"; };
		92853CF92784E7BC00B473ED /* GitAction-DemoUITests.xctest */ = {isa = PBXFileReference; explicitFileType = wrapper.cfbundle; includeInIndex = 0; path = "GitAction-DemoUITests.xctest"; sourceTree = BUILT_PRODUCTS_DIR; };
		92853CFD2784E7BC00B473ED /* GitAction_DemoUITests.swift */ = {isa = PBXFileReference; lastKnownFileType = sourcecode.swift; path = GitAction_DemoUITests.swift; sourceTree = "<group>"; };
		92853CFF2784E7BC00B473ED /* GitAction_DemoUITestsLaunchTests.swift */ = {isa = PBXFileReference; lastKnownFileType = sourcecode.swift; path = GitAction_DemoUITestsLaunchTests.swift; sourceTree = "<group>"; };
/* End PBXFileReference section */

/* Begin PBXFrameworksBuildPhase section */
		92853CD62784E7BA00B473ED /* Frameworks */ = {
			isa = PBXFrameworksBuildPhase;
			buildActionMask = 2147483647;
			files = (
			);
			runOnlyForDeploymentPostprocessing = 0;
		};
		92853CEC2784E7BC00B473ED /* Frameworks */ = {
			isa = PBXFrameworksBuildPhase;
			buildActionMask = 2147483647;
			files = (
			);
			runOnlyForDeploymentPostprocessing = 0;
		};
		92853CF62784E7BC00B473ED /* Frameworks */ = {
			isa = PBXFrameworksBuildPhase;
			buildActionMask = 2147483647;
			files = (
			);
			runOnlyForDeploymentPostprocessing = 0;
		};
/* End PBXFrameworksBuildPhase section */

/* Begin PBXGroup section */
		92853CD02784E7BA00B473ED = {
			isa = PBXGroup;
			children = (
				92853CDB2784E7BA00B473ED /* GitAction-Demo */,
				92853CF22784E7BC00B473ED /* GitAction-DemoTests */,
				92853CFC2784E7BC00B473ED /* GitAction-DemoUITests */,
				92853CDA2784E7BA00B473ED /* Products */,
			);
			sourceTree = "<group>";
		};
		92853CDA2784E7BA00B473ED /* Products */ = {
			isa = PBXGroup;
			children = (
				92853CD92784E7BA00B473ED /* GitAction-Demo.app */,
				92853CEF2784E7BC00B473ED /* GitAction-DemoTests.xctest */,
				92853CF92784E7BC00B473ED /* GitAction-DemoUITests.xctest */,
			);
			name = Products;
			sourceTree = "<group>";
		};
		92853CDB2784E7BA00B473ED /* GitAction-Demo */ = {
			isa = PBXGroup;
			children = (
				92853D0E2784EAAE00B473ED /* Resources */,
				92853D0D2784EAA800B473ED /* Sources */,
				92853D0C2784EA9F00B473ED /* App */,
				92853CEA2784E7BC00B473ED /* Info.plist */,
			);
			path = "GitAction-Demo";
			sourceTree = "<group>";
		};
		92853CF22784E7BC00B473ED /* GitAction-DemoTests */ = {
			isa = PBXGroup;
			children = (
				92853CF32784E7BC00B473ED /* GitAction_DemoTests.swift */,
			);
			path = "GitAction-DemoTests";
			sourceTree = "<group>";
		};
		92853CFC2784E7BC00B473ED /* GitAction-DemoUITests */ = {
			isa = PBXGroup;
			children = (
				92853CFD2784E7BC00B473ED /* GitAction_DemoUITests.swift */,
				92853CFF2784E7BC00B473ED /* GitAction_DemoUITestsLaunchTests.swift */,
			);
			path = "GitAction-DemoUITests";
			sourceTree = "<group>";
		};
		92853D0C2784EA9F00B473ED /* App */ = {
			isa = PBXGroup;
			children = (
				92853CDC2784E7BA00B473ED /* AppDelegate.swift */,
				92853CDE2784E7BA00B473ED /* SceneDelegate.swift */,
			);
			path = App;
			sourceTree = "<group>";
		};
		92853D0D2784EAA800B473ED /* Sources */ = {
			isa = PBXGroup;
			children = (
				92853CE02784E7BA00B473ED /* ViewController.swift */,
			);
			path = Sources;
			sourceTree = "<group>";
		};
		92853D0E2784EAAE00B473ED /* Resources */ = {
			isa = PBXGroup;
			children = (
				92853CE22784E7BA00B473ED /* Main.storyboard */,
				92853CE52784E7BC00B473ED /* Assets.xcassets */,
				92853CE72784E7BC00B473ED /* LaunchScreen.storyboard */,
			);
			path = Resources;
			sourceTree = "<group>";
		};
/* End PBXGroup section */

/* Begin PBXNativeTarget section */
		92853CD82784E7BA00B473ED /* GitAction-Demo */ = {
			isa = PBXNativeTarget;
			buildConfigurationList = 92853D032784E7BC00B473ED /* Build configuration list for PBXNativeTarget "GitAction-Demo" */;
			buildPhases = (
				92853CD52784E7BA00B473ED /* Sources */,
				92853CD62784E7BA00B473ED /* Frameworks */,
				92853CD72784E7BA00B473ED /* Resources */,
			);
			buildRules = (
			);
			dependencies = (
			);
			name = "GitAction-Demo";
			productName = "GitAction-Demo";
			productReference = 92853CD92784E7BA00B473ED /* GitAction-Demo.app */;
			productType = "com.apple.product-type.application";
		};
		92853CEE2784E7BC00B473ED /* GitAction-DemoTests */ = {
			isa = PBXNativeTarget;
			buildConfigurationList = 92853D062784E7BC00B473ED /* Build configuration list for PBXNativeTarget "GitAction-DemoTests" */;
			buildPhases = (
				92853CEB2784E7BC00B473ED /* Sources */,
				92853CEC2784E7BC00B473ED /* Frameworks */,
				92853CED2784E7BC00B473ED /* Resources */,
			);
			buildRules = (
			);
			dependencies = (
				92853CF12784E7BC00B473ED /* PBXTargetDependency */,
			);
			name = "GitAction-DemoTests";
			productName = "GitAction-DemoTests";
			productReference = 92853CEF2784E7BC00B473ED /* GitAction-DemoTests.xctest */;
			productType = "com.apple.product-type.bundle.unit-test";
		};
		92853CF82784E7BC00B473ED /* GitAction-DemoUITests */ = {
			isa = PBXNativeTarget;
			buildConfigurationList = 92853D092784E7BC00B473ED /* Build configuration list for PBXNativeTarget "GitAction-DemoUITests" */;
			buildPhases = (
				92853CF52784E7BC00B473ED /* Sources */,
				92853CF62784E7BC00B473ED /* Frameworks */,
				92853CF72784E7BC00B473ED /* Resources */,
			);
			buildRules = (
			);
			dependencies = (
				92853CFB2784E7BC00B473ED /* PBXTargetDependency */,
			);
			name = "GitAction-DemoUITests";
			productName = "GitAction-DemoUITests";
			productReference = 92853CF92784E7BC00B473ED /* GitAction-DemoUITests.xctest */;
			productType = "com.apple.product-type.bundle.ui-testing";
		};
/* End PBXNativeTarget section */

/* Begin PBXProject section */
		92853CD12784E7BA00B473ED /* Project object */ = {
			isa = PBXProject;
			attributes = {
				BuildIndependentTargetsInParallel = 1;
				LastSwiftUpdateCheck = 1320;
				LastUpgradeCheck = 1320;
				TargetAttributes = {
					92853CD82784E7BA00B473ED = {
						CreatedOnToolsVersion = 13.2.1;
					};
					92853CEE2784E7BC00B473ED = {
						CreatedOnToolsVersion = 13.2.1;
						TestTargetID = 92853CD82784E7BA00B473ED;
					};
					92853CF82784E7BC00B473ED = {
						CreatedOnToolsVersion = 13.2.1;
						TestTargetID = 92853CD82784E7BA00B473ED;
					};
				};
			};
			buildConfigurationList = 92853CD42784E7BA00B473ED /* Build configuration list for PBXProject "GitAction-Demo" */;
			compatibilityVersion = "Xcode 13.0";
			developmentRegion = en;
			hasScannedForEncodings = 0;
			knownRegions = (
				en,
				Base,
			);
			mainGroup = 92853CD02784E7BA00B473ED;
			productRefGroup = 92853CDA2784E7BA00B473ED /* Products */;
			projectDirPath = "";
			projectRoot = "";
			targets = (
				92853CD82784E7BA00B473ED /* GitAction-Demo */,
				92853CEE2784E7BC00B473ED /* GitAction-DemoTests */,
				92853CF82784E7BC00B473ED /* GitAction-DemoUITests */,
			);
		};
/* End PBXProject section */

/* Begin PBXResourcesBuildPhase section */
		92853CD72784E7BA00B473ED /* Resources */ = {
			isa = PBXResourcesBuildPhase;
			buildActionMask = 2147483647;
			files = (
				92853CE92784E7BC00B473ED /* LaunchScreen.storyboard in Resources */,
				92853CE62784E7BC00B473ED /* Assets.xcassets in Resources */,
				92853CE42784E7BA00B473ED /* Main.storyboard in Resources */,
			);
			runOnlyForDeploymentPostprocessing = 0;
		};
		92853CED2784E7BC00B473ED /* Resources */ = {
			isa = PBXResourcesBuildPhase;
			buildActionMask = 2147483647;
			files = (
			);
			runOnlyForDeploymentPostprocessing = 0;
		};
		92853CF72784E7BC00B473ED /* Resources */ = {
			isa = PBXResourcesBuildPhase;
			buildActionMask = 2147483647;
			files = (
			);
			runOnlyForDeploymentPostprocessing = 0;
		};
/* End PBXResourcesBuildPhase section */

/* Begin PBXSourcesBuildPhase section */
		92853CD52784E7BA00B473ED /* Sources */ = {
			isa = PBXSourcesBuildPhase;
			buildActionMask = 2147483647;
			files = (
				92853CE12784E7BA00B473ED /* ViewController.swift in Sources */,
				92853CDD2784E7BA00B473ED /* AppDelegate.swift in Sources */,
				92853CDF2784E7BA00B473ED /* SceneDelegate.swift in Sources */,
			);
			runOnlyForDeploymentPostprocessing = 0;
		};
		92853CEB2784E7BC00B473ED /* Sources */ = {
			isa = PBXSourcesBuildPhase;
			buildActionMask = 2147483647;
			files = (
				92853CF42784E7BC00B473ED /* GitAction_DemoTests.swift in Sources */,
			);
			runOnlyForDeploymentPostprocessing = 0;
		};
		92853CF52784E7BC00B473ED /* Sources */ = {
			isa = PBXSourcesBuildPhase;
			buildActionMask = 2147483647;
			files = (
				92853D002784E7BC00B473ED /* GitAction_DemoUITestsLaunchTests.swift in Sources */,
				92853CFE2784E7BC00B473ED /* GitAction_DemoUITests.swift in Sources */,
			);
			runOnlyForDeploymentPostprocessing = 0;
		};
/* End PBXSourcesBuildPhase section */

/* Begin PBXTargetDependency section */
		92853CF12784E7BC00B473ED /* PBXTargetDependency */ = {
			isa = PBXTargetDependency;
			target = 92853CD82784E7BA00B473ED /* GitAction-Demo */;
			targetProxy = 92853CF02784E7BC00B473ED /* PBXContainerItemProxy */;
		};
		92853CFB2784E7BC00B473ED /* PBXTargetDependency */ = {
			isa = PBXTargetDependency;
			target = 92853CD82784E7BA00B473ED /* GitAction-Demo */;
			targetProxy = 92853CFA2784E7BC00B473ED /* PBXContainerItemProxy */;
		};
/* End PBXTargetDependency section */

/* Begin PBXVariantGroup section */
		92853CE22784E7BA00B473ED /* Main.storyboard */ = {
			isa = PBXVariantGroup;
			children = (
				92853CE32784E7BA00B473ED /* Base */,
			);
			name = Main.storyboard;
			sourceTree = "<group>";
		};
		92853CE72784E7BC00B473ED /* LaunchScreen.storyboard */ = {
			isa = PBXVariantGroup;
			children = (
				92853CE82784E7BC00B473ED /* Base */,
			);
			name = LaunchScreen.storyboard;
			sourceTree = "<group>";
		};
/* End PBXVariantGroup section */

/* Begin XCBuildConfiguration section */
		92853D012784E7BC00B473ED /* Debug */ = {
			isa = XCBuildConfiguration;
			buildSettings = {
				ALWAYS_SEARCH_USER_PATHS = NO;
				CLANG_ANALYZER_NONNULL = YES;
				CLANG_ANALYZER_NUMBER_OBJECT_CONVERSION = YES_AGGRESSIVE;
				CLANG_CXX_LANGUAGE_STANDARD = "gnu++17";
				CLANG_CXX_LIBRARY = "libc++";
				CLANG_ENABLE_MODULES = YES;
				CLANG_ENABLE_OBJC_ARC = YES;
				CLANG_ENABLE_OBJC_WEAK = YES;
				CLANG_WARN_BLOCK_CAPTURE_AUTORELEASING = YES;
				CLANG_WARN_BOOL_CONVERSION = YES;
				CLANG_WARN_COMMA = YES;
				CLANG_WARN_CONSTANT_CONVERSION = YES;
				CLANG_WARN_DEPRECATED_OBJC_IMPLEMENTATIONS = YES;
				CLANG_WARN_DIRECT_OBJC_ISA_USAGE = YES_ERROR;
				CLANG_WARN_DOCUMENTATION_COMMENTS = YES;
				CLANG_WARN_EMPTY_BODY = YES;
				CLANG_WARN_ENUM_CONVERSION = YES;
				CLANG_WARN_INFINITE_RECURSION = YES;
				CLANG_WARN_INT_CONVERSION = YES;
				CLANG_WARN_NON_LITERAL_NULL_CONVERSION = YES;
				CLANG_WARN_OBJC_IMPLICIT_RETAIN_SELF = YES;
				CLANG_WARN_OBJC_LITERAL_CONVERSION = YES;
				CLANG_WARN_OBJC_ROOT_CLASS = YES_ERROR;
				CLANG_WARN_QUOTED_INCLUDE_IN_FRAMEWORK_HEADER = YES;
				CLANG_WARN_RANGE_LOOP_ANALYSIS = YES;
				CLANG_WARN_STRICT_PROTOTYPES = YES;
				CLANG_WARN_SUSPICIOUS_MOVE = YES;
				CLANG_WARN_UNGUARDED_AVAILABILITY = YES_AGGRESSIVE;
				CLANG_WARN_UNREACHABLE_CODE = YES;
				CLANG_WARN__DUPLICATE_METHOD_MATCH = YES;
				COPY_PHASE_STRIP = NO;
				DEBUG_INFORMATION_FORMAT = dwarf;
				ENABLE_STRICT_OBJC_MSGSEND = YES;
				ENABLE_TESTABILITY = YES;
				GCC_C_LANGUAGE_STANDARD = gnu11;
				GCC_DYNAMIC_NO_PIC = NO;
				GCC_NO_COMMON_BLOCKS = YES;
				GCC_OPTIMIZATION_LEVEL = 0;
				GCC_PREPROCESSOR_DEFINITIONS = (
					"DEBUG=1",
					"$(inherited)",
				);
				GCC_WARN_64_TO_32_BIT_CONVERSION = YES;
				GCC_WARN_ABOUT_RETURN_TYPE = YES_ERROR;
				GCC_WARN_UNDECLARED_SELECTOR = YES;
				GCC_WARN_UNINITIALIZED_AUTOS = YES_AGGRESSIVE;
				GCC_WARN_UNUSED_FUNCTION = YES;
				GCC_WARN_UNUSED_VARIABLE = YES;
				IPHONEOS_DEPLOYMENT_TARGET = 15.2;
				MTL_ENABLE_DEBUG_INFO = INCLUDE_SOURCE;
				MTL_FAST_MATH = YES;
				ONLY_ACTIVE_ARCH = YES;
				SDKROOT = iphoneos;
				SWIFT_ACTIVE_COMPILATION_CONDITIONS = DEBUG;
				SWIFT_OPTIMIZATION_LEVEL = "-Onone";
			};
			name = Debug;
		};
		92853D022784E7BC00B473ED /* Release */ = {
			isa = XCBuildConfiguration;
			buildSettings = {
				ALWAYS_SEARCH_USER_PATHS = NO;
				CLANG_ANALYZER_NONNULL = YES;
				CLANG_ANALYZER_NUMBER_OBJECT_CONVERSION = YES_AGGRESSIVE;
				CLANG_CXX_LANGUAGE_STANDARD = "gnu++17";
				CLANG_CXX_LIBRARY = "libc++";
				CLANG_ENABLE_MODULES = YES;
				CLANG_ENABLE_OBJC_ARC = YES;
				CLANG_ENABLE_OBJC_WEAK = YES;
				CLANG_WARN_BLOCK_CAPTURE_AUTORELEASING = YES;
				CLANG_WARN_BOOL_CONVERSION = YES;
				CLANG_WARN_COMMA = YES;
				CLANG_WARN_CONSTANT_CONVERSION = YES;
				CLANG_WARN_DEPRECATED_OBJC_IMPLEMENTATIONS = YES;
				CLANG_WARN_DIRECT_OBJC_ISA_USAGE = YES_ERROR;
				CLANG_WARN_DOCUMENTATION_COMMENTS = YES;
				CLANG_WARN_EMPTY_BODY = YES;
				CLANG_WARN_ENUM_CONVERSION = YES;
				CLANG_WARN_INFINITE_RECURSION = YES;
				CLANG_WARN_INT_CONVERSION = YES;
				CLANG_WARN_NON_LITERAL_NULL_CONVERSION = YES;
				CLANG_WARN_OBJC_IMPLICIT_RETAIN_SELF = YES;
				CLANG_WARN_OBJC_LITERAL_CONVERSION = YES;
				CLANG_WARN_OBJC_ROOT_CLASS = YES_ERROR;
				CLANG_WARN_QUOTED_INCLUDE_IN_FRAMEWORK_HEADER = YES;
				CLANG_WARN_RANGE_LOOP_ANALYSIS = YES;
				CLANG_WARN_STRICT_PROTOTYPES = YES;
				CLANG_WARN_SUSPICIOUS_MOVE = YES;
				CLANG_WARN_UNGUARDED_AVAILABILITY = YES_AGGRESSIVE;
				CLANG_WARN_UNREACHABLE_CODE = YES;
				CLANG_WARN__DUPLICATE_METHOD_MATCH = YES;
				COPY_PHASE_STRIP = NO;
				DEBUG_INFORMATION_FORMAT = "dwarf-with-dsym";
				ENABLE_NS_ASSERTIONS = NO;
				ENABLE_STRICT_OBJC_MSGSEND = YES;
				GCC_C_LANGUAGE_STANDARD = gnu11;
				GCC_NO_COMMON_BLOCKS = YES;
				GCC_WARN_64_TO_32_BIT_CONVERSION = YES;
				GCC_WARN_ABOUT_RETURN_TYPE = YES_ERROR;
				GCC_WARN_UNDECLARED_SELECTOR = YES;
				GCC_WARN_UNINITIALIZED_AUTOS = YES_AGGRESSIVE;
				GCC_WARN_UNUSED_FUNCTION = YES;
				GCC_WARN_UNUSED_VARIABLE = YES;
				IPHONEOS_DEPLOYMENT_TARGET = 15.2;
				MTL_ENABLE_DEBUG_INFO = NO;
				MTL_FAST_MATH = YES;
				SDKROOT = iphoneos;
				SWIFT_COMPILATION_MODE = wholemodule;
				SWIFT_OPTIMIZATION_LEVEL = "-O";
				VALIDATE_PRODUCT = YES;
			};
			name = Release;
		};
		92853D042784E7BC00B473ED /* Debug */ = {
			isa = XCBuildConfiguration;
			buildSettings = {
				ASSETCATALOG_COMPILER_APPICON_NAME = AppIcon;
				ASSETCATALOG_COMPILER_GLOBAL_ACCENT_COLOR_NAME = AccentColor;
				CODE_SIGN_STYLE = Automatic;
				CURRENT_PROJECT_VERSION = 1;
				DEVELOPMENT_TEAM = 4QG3GC35LA;
				GENERATE_INFOPLIST_FILE = YES;
				INFOPLIST_FILE = "GitAction-Demo/Info.plist";
				INFOPLIST_KEY_UIApplicationSupportsIndirectInputEvents = YES;
				INFOPLIST_KEY_UILaunchStoryboardName = LaunchScreen;
				INFOPLIST_KEY_UIMainStoryboardFile = Main;
				INFOPLIST_KEY_UISupportedInterfaceOrientations_iPad = "UIInterfaceOrientationPortrait UIInterfaceOrientationPortraitUpsideDown UIInterfaceOrientationLandscapeLeft UIInterfaceOrientationLandscapeRight";
				INFOPLIST_KEY_UISupportedInterfaceOrientations_iPhone = "UIInterfaceOrientationPortrait UIInterfaceOrientationLandscapeLeft UIInterfaceOrientationLandscapeRight";
				LD_RUNPATH_SEARCH_PATHS = (
					"$(inherited)",
					"@executable_path/Frameworks",
				);
				MARKETING_VERSION = 1.0;
				PRODUCT_BUNDLE_IDENTIFIER = "soyeon.GitAction-Demo";
				PRODUCT_NAME = "$(TARGET_NAME)";
				SWIFT_EMIT_LOC_STRINGS = YES;
				SWIFT_VERSION = 5.0;
				TARGETED_DEVICE_FAMILY = "1,2";
			};
			name = Debug;
		};
		92853D052784E7BC00B473ED /* Release */ = {
			isa = XCBuildConfiguration;
			buildSettings = {
				ASSETCATALOG_COMPILER_APPICON_NAME = AppIcon;
				ASSETCATALOG_COMPILER_GLOBAL_ACCENT_COLOR_NAME = AccentColor;
				CODE_SIGN_STYLE = Automatic;
				CURRENT_PROJECT_VERSION = 1;
				DEVELOPMENT_TEAM = 4QG3GC35LA;
				GENERATE_INFOPLIST_FILE = YES;
				INFOPLIST_FILE = "GitAction-Demo/Info.plist";
				INFOPLIST_KEY_UIApplicationSupportsIndirectInputEvents = YES;
				INFOPLIST_KEY_UILaunchStoryboardName = LaunchScreen;
				INFOPLIST_KEY_UIMainStoryboardFile = Main;
				INFOPLIST_KEY_UISupportedInterfaceOrientations_iPad = "UIInterfaceOrientationPortrait UIInterfaceOrientationPortraitUpsideDown UIInterfaceOrientationLandscapeLeft UIInterfaceOrientationLandscapeRight";
				INFOPLIST_KEY_UISupportedInterfaceOrientations_iPhone = "UIInterfaceOrientationPortrait UIInterfaceOrientationLandscapeLeft UIInterfaceOrientationLandscapeRight";
				LD_RUNPATH_SEARCH_PATHS = (
					"$(inherited)",
					"@executable_path/Frameworks",
				);
				MARKETING_VERSION = 1.0;
				PRODUCT_BUNDLE_IDENTIFIER = "soyeon.GitAction-Demo";
				PRODUCT_NAME = "$(TARGET_NAME)";
				SWIFT_EMIT_LOC_STRINGS = YES;
				SWIFT_VERSION = 5.0;
				TARGETED_DEVICE_FAMILY = "1,2";
			};
			name = Release;
		};
		92853D072784E7BC00B473ED /* Debug */ = {
			isa = XCBuildConfiguration;
			buildSettings = {
				ALWAYS_EMBED_SWIFT_STANDARD_LIBRARIES = YES;
				BUNDLE_LOADER = "$(TEST_HOST)";
				CODE_SIGN_STYLE = Automatic;
				CURRENT_PROJECT_VERSION = 1;
				DEVELOPMENT_TEAM = 4QG3GC35LA;
				GENERATE_INFOPLIST_FILE = YES;
				IPHONEOS_DEPLOYMENT_TARGET = 15.2;
				MARKETING_VERSION = 1.0;
				PRODUCT_BUNDLE_IDENTIFIER = "soyeon.GitAction-DemoTests";
				PRODUCT_NAME = "$(TARGET_NAME)";
				SWIFT_EMIT_LOC_STRINGS = NO;
				SWIFT_VERSION = 5.0;
				TARGETED_DEVICE_FAMILY = "1,2";
				TEST_HOST = "$(BUILT_PRODUCTS_DIR)/GitAction-Demo.app/GitAction-Demo";
			};
			name = Debug;
		};
		92853D082784E7BC00B473ED /* Release */ = {
			isa = XCBuildConfiguration;
			buildSettings = {
				ALWAYS_EMBED_SWIFT_STANDARD_LIBRARIES = YES;
				BUNDLE_LOADER = "$(TEST_HOST)";
				CODE_SIGN_STYLE = Automatic;
				CURRENT_PROJECT_VERSION = 1;
				DEVELOPMENT_TEAM = 4QG3GC35LA;
				GENERATE_INFOPLIST_FILE = YES;
				IPHONEOS_DEPLOYMENT_TARGET = 15.2;
				MARKETING_VERSION = 1.0;
				PRODUCT_BUNDLE_IDENTIFIER = "soyeon.GitAction-DemoTests";
				PRODUCT_NAME = "$(TARGET_NAME)";
				SWIFT_EMIT_LOC_STRINGS = NO;
				SWIFT_VERSION = 5.0;
				TARGETED_DEVICE_FAMILY = "1,2";
				TEST_HOST = "$(BUILT_PRODUCTS_DIR)/GitAction-Demo.app/GitAction-Demo";
			};
			name = Release;
		};
		92853D0A2784E7BC00B473ED /* Debug */ = {
			isa = XCBuildConfiguration;
			buildSettings = {
				ALWAYS_EMBED_SWIFT_STANDARD_LIBRARIES = YES;
				CODE_SIGN_STYLE = Automatic;
				CURRENT_PROJECT_VERSION = 1;
				DEVELOPMENT_TEAM = 4QG3GC35LA;
				GENERATE_INFOPLIST_FILE = YES;
				MARKETING_VERSION = 1.0;
				PRODUCT_BUNDLE_IDENTIFIER = "soyeon.GitAction-DemoUITests";
				PRODUCT_NAME = "$(TARGET_NAME)";
				SWIFT_EMIT_LOC_STRINGS = NO;
				SWIFT_VERSION = 5.0;
				TARGETED_DEVICE_FAMILY = "1,2";
				TEST_TARGET_NAME = "GitAction-Demo";
			};
			name = Debug;
		};
		92853D0B2784E7BC00B473ED /* Release */ = {
			isa = XCBuildConfiguration;
			buildSettings = {
				ALWAYS_EMBED_SWIFT_STANDARD_LIBRARIES = YES;
				CODE_SIGN_STYLE = Automatic;
				CURRENT_PROJECT_VERSION = 1;
				DEVELOPMENT_TEAM = 4QG3GC35LA;
				GENERATE_INFOPLIST_FILE = YES;
				MARKETING_VERSION = 1.0;
				PRODUCT_BUNDLE_IDENTIFIER = "soyeon.GitAction-DemoUITests";
				PRODUCT_NAME = "$(TARGET_NAME)";
				SWIFT_EMIT_LOC_STRINGS = NO;
				SWIFT_VERSION = 5.0;
				TARGETED_DEVICE_FAMILY = "1,2";
				TEST_TARGET_NAME = "GitAction-Demo";
			};
			name = Release;
		};
/* End XCBuildConfiguration section */

/* Begin XCConfigurationList section */
		92853CD42784E7BA00B473ED /* Build configuration list for PBXProject "GitAction-Demo" */ = {
			isa = XCConfigurationList;
			buildConfigurations = (
				92853D012784E7BC00B473ED /* Debug */,
				92853D022784E7BC00B473ED /* Release */,
			);
			defaultConfigurationIsVisible = 0;
			defaultConfigurationName = Release;
		};
		92853D032784E7BC00B473ED /* Build configuration list for PBXNativeTarget "GitAction-Demo" */ = {
			isa = XCConfigurationList;
			buildConfigurations = (
				92853D042784E7BC00B473ED /* Debug */,
				92853D052784E7BC00B473ED /* Release */,
			);
			defaultConfigurationIsVisible = 0;
			defaultConfigurationName = Release;
		};
		92853D062784E7BC00B473ED /* Build configuration list for PBXNativeTarget "GitAction-DemoTests" */ = {
			isa = XCConfigurationList;
			buildConfigurations = (
				92853D072784E7BC00B473ED /* Debug */,
				92853D082784E7BC00B473ED /* Release */,
			);
			defaultConfigurationIsVisible = 0;
			defaultConfigurationName = Release;
		};
		92853D092784E7BC00B473ED /* Build configuration list for PBXNativeTarget "GitAction-DemoUITests" */ = {
			isa = XCConfigurationList;
			buildConfigurations = (
				92853D0A2784E7BC00B473ED /* Debug */,
				92853D0B2784E7BC00B473ED /* Release */,
			);
			defaultConfigurationIsVisible = 0;
			defaultConfigurationName = Release;
		};
/* End XCConfigurationList section */
	};
	rootObject = 92853CD12784E7BA00B473ED /* Project object */;
}
