// !$*UTF8*$!
{
	archiveVersion = 1;
	classes = {
	};
	objectVersion = 55;
	objects = {

/* Begin PBXBuildFile section */
		92853D852785064100B473ED /* AppDelegate.swift in Sources */ = {isa = PBXBuildFile; fileRef = 92853D842785064100B473ED /* AppDelegate.swift */; };
		92853D872785064100B473ED /* SceneDelegate.swift in Sources */ = {isa = PBXBuildFile; fileRef = 92853D862785064100B473ED /* SceneDelegate.swift */; };
		92853D892785064100B473ED /* ViewController.swift in Sources */ = {isa = PBXBuildFile; fileRef = 92853D882785064100B473ED /* ViewController.swift */; };
		92853D8C2785064100B473ED /* Main.storyboard in Resources */ = {isa = PBXBuildFile; fileRef = 92853D8A2785064100B473ED /* Main.storyboard */; };
		92853D8E2785064300B473ED /* Assets.xcassets in Resources */ = {isa = PBXBuildFile; fileRef = 92853D8D2785064300B473ED /* Assets.xcassets */; };
		92853D912785064300B473ED /* LaunchScreen.storyboard in Resources */ = {isa = PBXBuildFile; fileRef = 92853D8F2785064300B473ED /* LaunchScreen.storyboard */; };
		92853D9F278506C600B473ED /* After_iOSTests.swift in Sources */ = {isa = PBXBuildFile; fileRef = 92853D9E278506C600B473ED /* After_iOSTests.swift */; };
		C6103E5628E31163F3B0E923 /* Pods_After_iOSTests.framework in Frameworks */ = {isa = PBXBuildFile; fileRef = D77C6DB0E7E63AC876CA6735 /* Pods_After_iOSTests.framework */; };
		F7458D203FD5354F86A338B7 /* Pods_After_iOS.framework in Frameworks */ = {isa = PBXBuildFile; fileRef = 91F99B8909F449BA6326A08D /* Pods_After_iOS.framework */; };
/* End PBXBuildFile section */

/* Begin PBXContainerItemProxy section */
		92853DA0278506C600B473ED /* PBXContainerItemProxy */ = {
			isa = PBXContainerItemProxy;
			containerPortal = 92853D792785064100B473ED /* Project object */;
			proxyType = 1;
			remoteGlobalIDString = 92853D802785064100B473ED;
			remoteInfo = "After-iOS";
		};
/* End PBXContainerItemProxy section */

/* Begin PBXFileReference section */
		543B89D95178E78ABAF8C489 /* Pods-After-iOSTests.release.xcconfig */ = {isa = PBXFileReference; includeInIndex = 1; lastKnownFileType = text.xcconfig; name = "Pods-After-iOSTests.release.xcconfig"; path = "Target Support Files/Pods-After-iOSTests/Pods-After-iOSTests.release.xcconfig"; sourceTree = "<group>"; };
		552771E7C19AD729AAE3655A /* Pods-After-iOS.debug.xcconfig */ = {isa = PBXFileReference; includeInIndex = 1; lastKnownFileType = text.xcconfig; name = "Pods-After-iOS.debug.xcconfig"; path = "Target Support Files/Pods-After-iOS/Pods-After-iOS.debug.xcconfig"; sourceTree = "<group>"; };
		91F99B8909F449BA6326A08D /* Pods_After_iOS.framework */ = {isa = PBXFileReference; explicitFileType = wrapper.framework; includeInIndex = 0; path = Pods_After_iOS.framework; sourceTree = BUILT_PRODUCTS_DIR; };
		92853D812785064100B473ED /* After-iOS.app */ = {isa = PBXFileReference; explicitFileType = wrapper.application; includeInIndex = 0; path = "After-iOS.app"; sourceTree = BUILT_PRODUCTS_DIR; };
		92853D842785064100B473ED /* AppDelegate.swift */ = {isa = PBXFileReference; lastKnownFileType = sourcecode.swift; path = AppDelegate.swift; sourceTree = "<group>"; };
		92853D862785064100B473ED /* SceneDelegate.swift */ = {isa = PBXFileReference; lastKnownFileType = sourcecode.swift; path = SceneDelegate.swift; sourceTree = "<group>"; };
		92853D882785064100B473ED /* ViewController.swift */ = {isa = PBXFileReference; lastKnownFileType = sourcecode.swift; path = ViewController.swift; sourceTree = "<group>"; };
		92853D8B2785064100B473ED /* Base */ = {isa = PBXFileReference; lastKnownFileType = file.storyboard; name = Base; path = Base.lproj/Main.storyboard; sourceTree = "<group>"; };
		92853D8D2785064300B473ED /* Assets.xcassets */ = {isa = PBXFileReference; lastKnownFileType = folder.assetcatalog; path = Assets.xcassets; sourceTree = "<group>"; };
		92853D902785064300B473ED /* Base */ = {isa = PBXFileReference; lastKnownFileType = file.storyboard; name = Base; path = Base.lproj/LaunchScreen.storyboard; sourceTree = "<group>"; };
		92853D922785064300B473ED /* Info.plist */ = {isa = PBXFileReference; lastKnownFileType = text.plist.xml; path = Info.plist; sourceTree = "<group>"; };
		92853D9C278506C600B473ED /* After-iOSTests.xctest */ = {isa = PBXFileReference; explicitFileType = wrapper.cfbundle; includeInIndex = 0; path = "After-iOSTests.xctest"; sourceTree = BUILT_PRODUCTS_DIR; };
		92853D9E278506C600B473ED /* After_iOSTests.swift */ = {isa = PBXFileReference; lastKnownFileType = sourcecode.swift; path = After_iOSTests.swift; sourceTree = "<group>"; };
		ABACDDA288AE07ED8A901C03 /* Pods-After-iOS.release.xcconfig */ = {isa = PBXFileReference; includeInIndex = 1; lastKnownFileType = text.xcconfig; name = "Pods-After-iOS.release.xcconfig"; path = "Target Support Files/Pods-After-iOS/Pods-After-iOS.release.xcconfig"; sourceTree = "<group>"; };
		D77C6DB0E7E63AC876CA6735 /* Pods_After_iOSTests.framework */ = {isa = PBXFileReference; explicitFileType = wrapper.framework; includeInIndex = 0; path = Pods_After_iOSTests.framework; sourceTree = BUILT_PRODUCTS_DIR; };
		F120D4D6C13A97F110246901 /* Pods-After-iOSTests.debug.xcconfig */ = {isa = PBXFileReference; includeInIndex = 1; lastKnownFileType = text.xcconfig; name = "Pods-After-iOSTests.debug.xcconfig"; path = "Target Support Files/Pods-After-iOSTests/Pods-After-iOSTests.debug.xcconfig"; sourceTree = "<group>"; };
/* End PBXFileReference section */

/* Begin PBXFrameworksBuildPhase section */
		92853D7E2785064100B473ED /* Frameworks */ = {
			isa = PBXFrameworksBuildPhase;
			buildActionMask = 2147483647;
			files = (
				F7458D203FD5354F86A338B7 /* Pods_After_iOS.framework in Frameworks */,
			);
			runOnlyForDeploymentPostprocessing = 0;
		};
		92853D99278506C600B473ED /* Frameworks */ = {
			isa = PBXFrameworksBuildPhase;
			buildActionMask = 2147483647;
			files = (
				C6103E5628E31163F3B0E923 /* Pods_After_iOSTests.framework in Frameworks */,
			);
			runOnlyForDeploymentPostprocessing = 0;
		};
/* End PBXFrameworksBuildPhase section */

/* Begin PBXGroup section */
		7A31F0E74C32EBB2D8F1E73A /* Pods */ = {
			isa = PBXGroup;
			children = (
				552771E7C19AD729AAE3655A /* Pods-After-iOS.debug.xcconfig */,
				ABACDDA288AE07ED8A901C03 /* Pods-After-iOS.release.xcconfig */,
				F120D4D6C13A97F110246901 /* Pods-After-iOSTests.debug.xcconfig */,
				543B89D95178E78ABAF8C489 /* Pods-After-iOSTests.release.xcconfig */,
			);
			name = Pods;
			path = Pods;
			sourceTree = "<group>";
		};
		92853D782785064100B473ED = {
			isa = PBXGroup;
			children = (
				92853D832785064100B473ED /* After-iOS */,
				92853D9D278506C600B473ED /* After-iOSTests */,
				92853D822785064100B473ED /* Products */,
				7A31F0E74C32EBB2D8F1E73A /* Pods */,
				97E849573A3FD2D9698CEF8B /* Frameworks */,
			);
			sourceTree = "<group>";
		};
		92853D822785064100B473ED /* Products */ = {
			isa = PBXGroup;
			children = (
				92853D812785064100B473ED /* After-iOS.app */,
				92853D9C278506C600B473ED /* After-iOSTests.xctest */,
			);
			name = Products;
			sourceTree = "<group>";
		};
		92853D832785064100B473ED /* After-iOS */ = {
			isa = PBXGroup;
			children = (
				92853D842785064100B473ED /* AppDelegate.swift */,
				92853D862785064100B473ED /* SceneDelegate.swift */,
				92853D882785064100B473ED /* ViewController.swift */,
				92853D8A2785064100B473ED /* Main.storyboard */,
				92853D8D2785064300B473ED /* Assets.xcassets */,
				92853D8F2785064300B473ED /* LaunchScreen.storyboard */,
				92853D922785064300B473ED /* Info.plist */,
			);
			path = "After-iOS";
			sourceTree = "<group>";
		};
		92853D9D278506C600B473ED /* After-iOSTests */ = {
			isa = PBXGroup;
			children = (
				92853D9E278506C600B473ED /* After_iOSTests.swift */,
			);
			path = "After-iOSTests";
			sourceTree = "<group>";
		};
		97E849573A3FD2D9698CEF8B /* Frameworks */ = {
			isa = PBXGroup;
			children = (
				91F99B8909F449BA6326A08D /* Pods_After_iOS.framework */,
				D77C6DB0E7E63AC876CA6735 /* Pods_After_iOSTests.framework */,
			);
			name = Frameworks;
			sourceTree = "<group>";
		};
/* End PBXGroup section */

/* Begin PBXNativeTarget section */
		92853D802785064100B473ED /* After-iOS */ = {
			isa = PBXNativeTarget;
			buildConfigurationList = 92853D952785064300B473ED /* Build configuration list for PBXNativeTarget "After-iOS" */;
			buildPhases = (
				4063295A79485A65E573E622 /* [CP] Check Pods Manifest.lock */,
				92853D7D2785064100B473ED /* Sources */,
				92853D7E2785064100B473ED /* Frameworks */,
				92853D7F2785064100B473ED /* Resources */,
				9C8EE2D7342A431AD2E86CB5 /* [CP] Embed Pods Frameworks */,
			);
			buildRules = (
			);
			dependencies = (
			);
			name = "After-iOS";
			productName = "After-iOS";
			productReference = 92853D812785064100B473ED /* After-iOS.app */;
			productType = "com.apple.product-type.application";
		};
		92853D9B278506C600B473ED /* After-iOSTests */ = {
			isa = PBXNativeTarget;
			buildConfigurationList = 92853DA4278506C600B473ED /* Build configuration list for PBXNativeTarget "After-iOSTests" */;
			buildPhases = (
				6EE00A8719A489866F562302 /* [CP] Check Pods Manifest.lock */,
				92853D98278506C600B473ED /* Sources */,
				92853D99278506C600B473ED /* Frameworks */,
				92853D9A278506C600B473ED /* Resources */,
			);
			buildRules = (
			);
			dependencies = (
				92853DA1278506C600B473ED /* PBXTargetDependency */,
			);
			name = "After-iOSTests";
			productName = "After-iOSTests";
			productReference = 92853D9C278506C600B473ED /* After-iOSTests.xctest */;
			productType = "com.apple.product-type.bundle.unit-test";
		};
/* End PBXNativeTarget section */

/* Begin PBXProject section */
		92853D792785064100B473ED /* Project object */ = {
			isa = PBXProject;
			attributes = {
				BuildIndependentTargetsInParallel = 1;
				LastSwiftUpdateCheck = 1320;
				LastUpgradeCheck = 1320;
				TargetAttributes = {
					92853D802785064100B473ED = {
						CreatedOnToolsVersion = 13.2.1;
					};
					92853D9B278506C600B473ED = {
						CreatedOnToolsVersion = 13.2.1;
						TestTargetID = 92853D802785064100B473ED;
					};
				};
			};
			buildConfigurationList = 92853D7C2785064100B473ED /* Build configuration list for PBXProject "After-iOS" */;
			compatibilityVersion = "Xcode 13.0";
			developmentRegion = en;
			hasScannedForEncodings = 0;
			knownRegions = (
				en,
				Base,
			);
			mainGroup = 92853D782785064100B473ED;
			productRefGroup = 92853D822785064100B473ED /* Products */;
			projectDirPath = "";
			projectRoot = "";
			targets = (
				92853D802785064100B473ED /* After-iOS */,
				92853D9B278506C600B473ED /* After-iOSTests */,
			);
		};
/* End PBXProject section */

/* Begin PBXResourcesBuildPhase section */
		92853D7F2785064100B473ED /* Resources */ = {
			isa = PBXResourcesBuildPhase;
			buildActionMask = 2147483647;
			files = (
				92853D912785064300B473ED /* LaunchScreen.storyboard in Resources */,
				92853D8E2785064300B473ED /* Assets.xcassets in Resources */,
				92853D8C2785064100B473ED /* Main.storyboard in Resources */,
			);
			runOnlyForDeploymentPostprocessing = 0;
		};
		92853D9A278506C600B473ED /* Resources */ = {
			isa = PBXResourcesBuildPhase;
			buildActionMask = 2147483647;
			files = (
			);
			runOnlyForDeploymentPostprocessing = 0;
		};
/* End PBXResourcesBuildPhase section */

/* Begin PBXShellScriptBuildPhase section */
		4063295A79485A65E573E622 /* [CP] Check Pods Manifest.lock */ = {
			isa = PBXShellScriptBuildPhase;
			buildActionMask = 2147483647;
			files = (
			);
			inputFileListPaths = (
			);
			inputPaths = (
				"${PODS_PODFILE_DIR_PATH}/Podfile.lock",
				"${PODS_ROOT}/Manifest.lock",
			);
			name = "[CP] Check Pods Manifest.lock";
			outputFileListPaths = (
			);
			outputPaths = (
				"$(DERIVED_FILE_DIR)/Pods-After-iOS-checkManifestLockResult.txt",
			);
			runOnlyForDeploymentPostprocessing = 0;
			shellPath = /bin/sh;
			shellScript = "diff \"${PODS_PODFILE_DIR_PATH}/Podfile.lock\" \"${PODS_ROOT}/Manifest.lock\" > /dev/null\nif [ $? != 0 ] ; then\n    # print error to STDERR\n    echo \"error: The sandbox is not in sync with the Podfile.lock. Run 'pod install' or update your CocoaPods installation.\" >&2\n    exit 1\nfi\n# This output is used by Xcode 'outputs' to avoid re-running this script phase.\necho \"SUCCESS\" > \"${SCRIPT_OUTPUT_FILE_0}\"\n";
			showEnvVarsInLog = 0;
		};
		6EE00A8719A489866F562302 /* [CP] Check Pods Manifest.lock */ = {
			isa = PBXShellScriptBuildPhase;
			buildActionMask = 2147483647;
			files = (
			);
			inputFileListPaths = (
			);
			inputPaths = (
				"${PODS_PODFILE_DIR_PATH}/Podfile.lock",
				"${PODS_ROOT}/Manifest.lock",
			);
			name = "[CP] Check Pods Manifest.lock";
			outputFileListPaths = (
			);
			outputPaths = (
				"$(DERIVED_FILE_DIR)/Pods-After-iOSTests-checkManifestLockResult.txt",
			);
			runOnlyForDeploymentPostprocessing = 0;
			shellPath = /bin/sh;
			shellScript = "diff \"${PODS_PODFILE_DIR_PATH}/Podfile.lock\" \"${PODS_ROOT}/Manifest.lock\" > /dev/null\nif [ $? != 0 ] ; then\n    # print error to STDERR\n    echo \"error: The sandbox is not in sync with the Podfile.lock. Run 'pod install' or update your CocoaPods installation.\" >&2\n    exit 1\nfi\n# This output is used by Xcode 'outputs' to avoid re-running this script phase.\necho \"SUCCESS\" > \"${SCRIPT_OUTPUT_FILE_0}\"\n";
			showEnvVarsInLog = 0;
		};
		9C8EE2D7342A431AD2E86CB5 /* [CP] Embed Pods Frameworks */ = {
			isa = PBXShellScriptBuildPhase;
			buildActionMask = 2147483647;
			files = (
			);
			inputFileListPaths = (
				"${PODS_ROOT}/Target Support Files/Pods-After-iOS/Pods-After-iOS-frameworks-${CONFIGURATION}-input-files.xcfilelist",
			);
			name = "[CP] Embed Pods Frameworks";
			outputFileListPaths = (
				"${PODS_ROOT}/Target Support Files/Pods-After-iOS/Pods-After-iOS-frameworks-${CONFIGURATION}-output-files.xcfilelist",
			);
			runOnlyForDeploymentPostprocessing = 0;
			shellPath = /bin/sh;
			shellScript = "\"${PODS_ROOT}/Target Support Files/Pods-After-iOS/Pods-After-iOS-frameworks.sh\"\n";
			showEnvVarsInLog = 0;
		};
/* End PBXShellScriptBuildPhase section */

/* Begin PBXSourcesBuildPhase section */
		92853D7D2785064100B473ED /* Sources */ = {
			isa = PBXSourcesBuildPhase;
			buildActionMask = 2147483647;
			files = (
				92853D892785064100B473ED /* ViewController.swift in Sources */,
				92853D852785064100B473ED /* AppDelegate.swift in Sources */,
				92853D872785064100B473ED /* SceneDelegate.swift in Sources */,
			);
			runOnlyForDeploymentPostprocessing = 0;
		};
		92853D98278506C600B473ED /* Sources */ = {
			isa = PBXSourcesBuildPhase;
			buildActionMask = 2147483647;
			files = (
				92853D9F278506C600B473ED /* After_iOSTests.swift in Sources */,
			);
			runOnlyForDeploymentPostprocessing = 0;
		};
/* End PBXSourcesBuildPhase section */

/* Begin PBXTargetDependency section */
		92853DA1278506C600B473ED /* PBXTargetDependency */ = {
			isa = PBXTargetDependency;
			target = 92853D802785064100B473ED /* After-iOS */;
			targetProxy = 92853DA0278506C600B473ED /* PBXContainerItemProxy */;
		};
/* End PBXTargetDependency section */

/* Begin PBXVariantGroup section */
		92853D8A2785064100B473ED /* Main.storyboard */ = {
			isa = PBXVariantGroup;
			children = (
				92853D8B2785064100B473ED /* Base */,
			);
			name = Main.storyboard;
			sourceTree = "<group>";
		};
		92853D8F2785064300B473ED /* LaunchScreen.storyboard */ = {
			isa = PBXVariantGroup;
			children = (
				92853D902785064300B473ED /* Base */,
			);
			name = LaunchScreen.storyboard;
			sourceTree = "<group>";
		};
/* End PBXVariantGroup section */

/* Begin XCBuildConfiguration section */
		92853D932785064300B473ED /* Debug */ = {
			isa = XCBuildConfiguration;
			buildSettings = {
				ALWAYS_SEARCH_USER_PATHS = NO;
				CLANG_ANALYZER_NONNULL = YES;
				CLANG_ANALYZER_NUMBER_OBJECT_CONVERSION = YES_AGGRESSIVE;
				CLANG_CXX_LANGUAGE_STANDARD = "gnu++17";
				CLANG_CXX_LIBRARY = "libc++";
				CLANG_ENABLE_MODULES = YES;
				CLANG_ENABLE_OBJC_ARC = YES;
				CLANG_ENABLE_OBJC_WEAK = YES;
				CLANG_WARN_BLOCK_CAPTURE_AUTORELEASING = YES;
				CLANG_WARN_BOOL_CONVERSION = YES;
				CLANG_WARN_COMMA = YES;
				CLANG_WARN_CONSTANT_CONVERSION = YES;
				CLANG_WARN_DEPRECATED_OBJC_IMPLEMENTATIONS = YES;
				CLANG_WARN_DIRECT_OBJC_ISA_USAGE = YES_ERROR;
				CLANG_WARN_DOCUMENTATION_COMMENTS = YES;
				CLANG_WARN_EMPTY_BODY = YES;
				CLANG_WARN_ENUM_CONVERSION = YES;
				CLANG_WARN_INFINITE_RECURSION = YES;
				CLANG_WARN_INT_CONVERSION = YES;
				CLANG_WARN_NON_LITERAL_NULL_CONVERSION = YES;
				CLANG_WARN_OBJC_IMPLICIT_RETAIN_SELF = YES;
				CLANG_WARN_OBJC_LITERAL_CONVERSION = YES;
				CLANG_WARN_OBJC_ROOT_CLASS = YES_ERROR;
				CLANG_WARN_QUOTED_INCLUDE_IN_FRAMEWORK_HEADER = YES;
				CLANG_WARN_RANGE_LOOP_ANALYSIS = YES;
				CLANG_WARN_STRICT_PROTOTYPES = YES;
				CLANG_WARN_SUSPICIOUS_MOVE = YES;
				CLANG_WARN_UNGUARDED_AVAILABILITY = YES_AGGRESSIVE;
				CLANG_WARN_UNREACHABLE_CODE = YES;
				CLANG_WARN__DUPLICATE_METHOD_MATCH = YES;
				COPY_PHASE_STRIP = NO;
				DEBUG_INFORMATION_FORMAT = dwarf;
				ENABLE_STRICT_OBJC_MSGSEND = YES;
				ENABLE_TESTABILITY = YES;
				GCC_C_LANGUAGE_STANDARD = gnu11;
				GCC_DYNAMIC_NO_PIC = NO;
				GCC_NO_COMMON_BLOCKS = YES;
				GCC_OPTIMIZATION_LEVEL = 0;
				GCC_PREPROCESSOR_DEFINITIONS = (
					"DEBUG=1",
					"$(inherited)",
				);
				GCC_WARN_64_TO_32_BIT_CONVERSION = YES;
				GCC_WARN_ABOUT_RETURN_TYPE = YES_ERROR;
				GCC_WARN_UNDECLARED_SELECTOR = YES;
				GCC_WARN_UNINITIALIZED_AUTOS = YES_AGGRESSIVE;
				GCC_WARN_UNUSED_FUNCTION = YES;
				GCC_WARN_UNUSED_VARIABLE = YES;
				IPHONEOS_DEPLOYMENT_TARGET = 15.2;
				MTL_ENABLE_DEBUG_INFO = INCLUDE_SOURCE;
				MTL_FAST_MATH = YES;
				ONLY_ACTIVE_ARCH = YES;
				SDKROOT = iphoneos;
				SWIFT_ACTIVE_COMPILATION_CONDITIONS = DEBUG;
				SWIFT_OPTIMIZATION_LEVEL = "-Onone";
			};
			name = Debug;
		};
		92853D942785064300B473ED /* Release */ = {
			isa = XCBuildConfiguration;
			buildSettings = {
				ALWAYS_SEARCH_USER_PATHS = NO;
				CLANG_ANALYZER_NONNULL = YES;
				CLANG_ANALYZER_NUMBER_OBJECT_CONVERSION = YES_AGGRESSIVE;
				CLANG_CXX_LANGUAGE_STANDARD = "gnu++17";
				CLANG_CXX_LIBRARY = "libc++";
				CLANG_ENABLE_MODULES = YES;
				CLANG_ENABLE_OBJC_ARC = YES;
				CLANG_ENABLE_OBJC_WEAK = YES;
				CLANG_WARN_BLOCK_CAPTURE_AUTORELEASING = YES;
				CLANG_WARN_BOOL_CONVERSION = YES;
				CLANG_WARN_COMMA = YES;
				CLANG_WARN_CONSTANT_CONVERSION = YES;
				CLANG_WARN_DEPRECATED_OBJC_IMPLEMENTATIONS = YES;
				CLANG_WARN_DIRECT_OBJC_ISA_USAGE = YES_ERROR;
				CLANG_WARN_DOCUMENTATION_COMMENTS = YES;
				CLANG_WARN_EMPTY_BODY = YES;
				CLANG_WARN_ENUM_CONVERSION = YES;
				CLANG_WARN_INFINITE_RECURSION = YES;
				CLANG_WARN_INT_CONVERSION = YES;
				CLANG_WARN_NON_LITERAL_NULL_CONVERSION = YES;
				CLANG_WARN_OBJC_IMPLICIT_RETAIN_SELF = YES;
				CLANG_WARN_OBJC_LITERAL_CONVERSION = YES;
				CLANG_WARN_OBJC_ROOT_CLASS = YES_ERROR;
				CLANG_WARN_QUOTED_INCLUDE_IN_FRAMEWORK_HEADER = YES;
				CLANG_WARN_RANGE_LOOP_ANALYSIS = YES;
				CLANG_WARN_STRICT_PROTOTYPES = YES;
				CLANG_WARN_SUSPICIOUS_MOVE = YES;
				CLANG_WARN_UNGUARDED_AVAILABILITY = YES_AGGRESSIVE;
				CLANG_WARN_UNREACHABLE_CODE = YES;
				CLANG_WARN__DUPLICATE_METHOD_MATCH = YES;
				COPY_PHASE_STRIP = NO;
				DEBUG_INFORMATION_FORMAT = "dwarf-with-dsym";
				ENABLE_NS_ASSERTIONS = NO;
				ENABLE_STRICT_OBJC_MSGSEND = YES;
				GCC_C_LANGUAGE_STANDARD = gnu11;
				GCC_NO_COMMON_BLOCKS = YES;
				GCC_WARN_64_TO_32_BIT_CONVERSION = YES;
				GCC_WARN_ABOUT_RETURN_TYPE = YES_ERROR;
				GCC_WARN_UNDECLARED_SELECTOR = YES;
				GCC_WARN_UNINITIALIZED_AUTOS = YES_AGGRESSIVE;
				GCC_WARN_UNUSED_FUNCTION = YES;
				GCC_WARN_UNUSED_VARIABLE = YES;
				IPHONEOS_DEPLOYMENT_TARGET = 15.2;
				MTL_ENABLE_DEBUG_INFO = NO;
				MTL_FAST_MATH = YES;
				SDKROOT = iphoneos;
				SWIFT_COMPILATION_MODE = wholemodule;
				SWIFT_OPTIMIZATION_LEVEL = "-O";
				VALIDATE_PRODUCT = YES;
			};
			name = Release;
		};
		92853D962785064300B473ED /* Debug */ = {
			isa = XCBuildConfiguration;
			baseConfigurationReference = 552771E7C19AD729AAE3655A /* Pods-After-iOS.debug.xcconfig */;
			buildSettings = {
				ASSETCATALOG_COMPILER_APPICON_NAME = AppIcon;
				ASSETCATALOG_COMPILER_GLOBAL_ACCENT_COLOR_NAME = AccentColor;
				CODE_SIGN_STYLE = Automatic;
				CURRENT_PROJECT_VERSION = 1;
				DEVELOPMENT_TEAM = 4QG3GC35LA;
				GENERATE_INFOPLIST_FILE = YES;
				INFOPLIST_FILE = "After-iOS/Info.plist";
				INFOPLIST_KEY_UIApplicationSupportsIndirectInputEvents = YES;
				INFOPLIST_KEY_UILaunchStoryboardName = LaunchScreen;
				INFOPLIST_KEY_UIMainStoryboardFile = Main;
				INFOPLIST_KEY_UISupportedInterfaceOrientations_iPad = "UIInterfaceOrientationPortrait UIInterfaceOrientationPortraitUpsideDown UIInterfaceOrientationLandscapeLeft UIInterfaceOrientationLandscapeRight";
				INFOPLIST_KEY_UISupportedInterfaceOrientations_iPhone = "UIInterfaceOrientationPortrait UIInterfaceOrientationLandscapeLeft UIInterfaceOrientationLandscapeRight";
				LD_RUNPATH_SEARCH_PATHS = (
					"$(inherited)",
					"@executable_path/Frameworks",
				);
				MARKETING_VERSION = 1.0;
				PRODUCT_BUNDLE_IDENTIFIER = "soyeon.After-iOS";
				PRODUCT_NAME = "$(TARGET_NAME)";
				SWIFT_EMIT_LOC_STRINGS = YES;
				SWIFT_VERSION = 5.0;
				TARGETED_DEVICE_FAMILY = "1,2";
			};
			name = Debug;
		};
		92853D972785064300B473ED /* Release */ = {
			isa = XCBuildConfiguration;
			baseConfigurationReference = ABACDDA288AE07ED8A901C03 /* Pods-After-iOS.release.xcconfig */;
			buildSettings = {
				ASSETCATALOG_COMPILER_APPICON_NAME = AppIcon;
				ASSETCATALOG_COMPILER_GLOBAL_ACCENT_COLOR_NAME = AccentColor;
				CODE_SIGN_STYLE = Automatic;
				CURRENT_PROJECT_VERSION = 1;
				DEVELOPMENT_TEAM = 4QG3GC35LA;
				GENERATE_INFOPLIST_FILE = YES;
				INFOPLIST_FILE = "After-iOS/Info.plist";
				INFOPLIST_KEY_UIApplicationSupportsIndirectInputEvents = YES;
				INFOPLIST_KEY_UILaunchStoryboardName = LaunchScreen;
				INFOPLIST_KEY_UIMainStoryboardFile = Main;
				INFOPLIST_KEY_UISupportedInterfaceOrientations_iPad = "UIInterfaceOrientationPortrait UIInterfaceOrientationPortraitUpsideDown UIInterfaceOrientationLandscapeLeft UIInterfaceOrientationLandscapeRight";
				INFOPLIST_KEY_UISupportedInterfaceOrientations_iPhone = "UIInterfaceOrientationPortrait UIInterfaceOrientationLandscapeLeft UIInterfaceOrientationLandscapeRight";
				LD_RUNPATH_SEARCH_PATHS = (
					"$(inherited)",
					"@executable_path/Frameworks",
				);
				MARKETING_VERSION = 1.0;
				PRODUCT_BUNDLE_IDENTIFIER = "soyeon.After-iOS";
				PRODUCT_NAME = "$(TARGET_NAME)";
				SWIFT_EMIT_LOC_STRINGS = YES;
				SWIFT_VERSION = 5.0;
				TARGETED_DEVICE_FAMILY = "1,2";
			};
			name = Release;
		};
		92853DA2278506C600B473ED /* Debug */ = {
			isa = XCBuildConfiguration;
			baseConfigurationReference = F120D4D6C13A97F110246901 /* Pods-After-iOSTests.debug.xcconfig */;
			buildSettings = {
				BUNDLE_LOADER = "$(TEST_HOST)";
				CODE_SIGN_STYLE = Automatic;
				CURRENT_PROJECT_VERSION = 1;
				DEVELOPMENT_TEAM = 4QG3GC35LA;
				GENERATE_INFOPLIST_FILE = YES;
				MARKETING_VERSION = 1.0;
				PRODUCT_BUNDLE_IDENTIFIER = "soyeon.After-iOSTests";
				PRODUCT_NAME = "$(TARGET_NAME)";
				SWIFT_EMIT_LOC_STRINGS = NO;
				SWIFT_VERSION = 5.0;
				TARGETED_DEVICE_FAMILY = "1,2";
				TEST_HOST = "$(BUILT_PRODUCTS_DIR)/After-iOS.app/After-iOS";
			};
			name = Debug;
		};
		92853DA3278506C600B473ED /* Release */ = {
			isa = XCBuildConfiguration;
			baseConfigurationReference = 543B89D95178E78ABAF8C489 /* Pods-After-iOSTests.release.xcconfig */;
			buildSettings = {
				BUNDLE_LOADER = "$(TEST_HOST)";
				CODE_SIGN_STYLE = Automatic;
				CURRENT_PROJECT_VERSION = 1;
				DEVELOPMENT_TEAM = 4QG3GC35LA;
				GENERATE_INFOPLIST_FILE = YES;
				MARKETING_VERSION = 1.0;
				PRODUCT_BUNDLE_IDENTIFIER = "soyeon.After-iOSTests";
				PRODUCT_NAME = "$(TARGET_NAME)";
				SWIFT_EMIT_LOC_STRINGS = NO;
				SWIFT_VERSION = 5.0;
				TARGETED_DEVICE_FAMILY = "1,2";
				TEST_HOST = "$(BUILT_PRODUCTS_DIR)/After-iOS.app/After-iOS";
			};
			name = Release;
		};
/* End XCBuildConfiguration section */

/* Begin XCConfigurationList section */
		92853D7C2785064100B473ED /* Build configuration list for PBXProject "After-iOS" */ = {
			isa = XCConfigurationList;
			buildConfigurations = (
				92853D932785064300B473ED /* Debug */,
				92853D942785064300B473ED /* Release */,
			);
			defaultConfigurationIsVisible = 0;
			defaultConfigurationName = Release;
		};
		92853D952785064300B473ED /* Build configuration list for PBXNativeTarget "After-iOS" */ = {
			isa = XCConfigurationList;
			buildConfigurations = (
				92853D962785064300B473ED /* Debug */,
				92853D972785064300B473ED /* Release */,
			);
			defaultConfigurationIsVisible = 0;
			defaultConfigurationName = Release;
		};
		92853DA4278506C600B473ED /* Build configuration list for PBXNativeTarget "After-iOSTests" */ = {
			isa = XCConfigurationList;
			buildConfigurations = (
				92853DA2278506C600B473ED /* Debug */,
				92853DA3278506C600B473ED /* Release */,
			);
			defaultConfigurationIsVisible = 0;
			defaultConfigurationName = Release;
		};
/* End XCConfigurationList section */
	};
	rootObject = 92853D792785064100B473ED /* Project object */;
}
